// !$*UTF8*$!
{
	archiveVersion = 1;
	classes = {
	};
	objectVersion = 46;
	objects = {

/* Begin PBXBuildFile section */
		EA77F6CB1A5F4DA900D28035 /* MultilineAnnotationView.m in Sources */ = {isa = PBXBuildFile; fileRef = EA77F6CA1A5F4DA900D28035 /* MultilineAnnotationView.m */; };
		EAB97B811A5747BD00CA13ED /* main.m in Sources */ = {isa = PBXBuildFile; fileRef = EAB97B801A5747BD00CA13ED /* main.m */; };
		EAB97B841A5747BD00CA13ED /* AppDelegate.m in Sources */ = {isa = PBXBuildFile; fileRef = EAB97B831A5747BD00CA13ED /* AppDelegate.m */; };
		EAB97B871A5747BD00CA13ED /* MapViewController.m in Sources */ = {isa = PBXBuildFile; fileRef = EAB97B861A5747BD00CA13ED /* MapViewController.m */; };
		EAB97B8A1A5747BD00CA13ED /* Main.storyboard in Resources */ = {isa = PBXBuildFile; fileRef = EAB97B881A5747BD00CA13ED /* Main.storyboard */; };
		EAB97B8C1A5747BD00CA13ED /* Images.xcassets in Resources */ = {isa = PBXBuildFile; fileRef = EAB97B8B1A5747BD00CA13ED /* Images.xcassets */; };
		EAB97B8F1A5747BD00CA13ED /* LaunchScreen.xib in Resources */ = {isa = PBXBuildFile; fileRef = EAB97B8D1A5747BD00CA13ED /* LaunchScreen.xib */; };
		EAB97B9B1A5747BD00CA13ED /* playingWithMapKitTests.m in Sources */ = {isa = PBXBuildFile; fileRef = EAB97B9A1A5747BD00CA13ED /* playingWithMapKitTests.m */; };
		EAB97BA51A57493000CA13ED /* ReadMe in Resources */ = {isa = PBXBuildFile; fileRef = EAB97BA41A57493000CA13ED /* ReadMe */; };
		EAB97BA71A574B7F00CA13ED /* MapKit.framework in Frameworks */ = {isa = PBXBuildFile; fileRef = EAB97BA61A574B7F00CA13ED /* MapKit.framework */; };
		EAD985771A5AE4A000FE0011 /* ResultsTableViewController.m in Sources */ = {isa = PBXBuildFile; fileRef = EAD985761A5AE4A000FE0011 /* ResultsTableViewController.m */; };
		EAD9857D1A5AE4DE00FE0011 /* RouteViewController.m in Sources */ = {isa = PBXBuildFile; fileRef = EAD9857C1A5AE4DE00FE0011 /* RouteViewController.m */; };
/* End PBXBuildFile section */

/* Begin PBXContainerItemProxy section */
		EAB97B951A5747BD00CA13ED /* PBXContainerItemProxy */ = {
			isa = PBXContainerItemProxy;
			containerPortal = EAB97B731A5747BD00CA13ED /* Project object */;
			proxyType = 1;
			remoteGlobalIDString = EAB97B7A1A5747BD00CA13ED;
			remoteInfo = playingWithMapKit;
		};
/* End PBXContainerItemProxy section */

/* Begin PBXFileReference section */
		EA77F6C91A5F4DA900D28035 /* MultilineAnnotationView.h */ = {isa = PBXFileReference; fileEncoding = 4; lastKnownFileType = sourcecode.c.h; path = MultilineAnnotationView.h; sourceTree = "<group>"; };
		EA77F6CA1A5F4DA900D28035 /* MultilineAnnotationView.m */ = {isa = PBXFileReference; fileEncoding = 4; lastKnownFileType = sourcecode.c.objc; path = MultilineAnnotationView.m; sourceTree = "<group>"; };
		EAB97B7B1A5747BD00CA13ED /* playingWithMapKit.app */ = {isa = PBXFileReference; explicitFileType = wrapper.application; includeInIndex = 0; path = playingWithMapKit.app; sourceTree = BUILT_PRODUCTS_DIR; };
		EAB97B7F1A5747BD00CA13ED /* Info.plist */ = {isa = PBXFileReference; lastKnownFileType = text.plist.xml; path = Info.plist; sourceTree = "<group>"; };
		EAB97B801A5747BD00CA13ED /* main.m */ = {isa = PBXFileReference; lastKnownFileType = sourcecode.c.objc; path = main.m; sourceTree = "<group>"; };
		EAB97B821A5747BD00CA13ED /* AppDelegate.h */ = {isa = PBXFileReference; lastKnownFileType = sourcecode.c.h; path = AppDelegate.h; sourceTree = "<group>"; };
		EAB97B831A5747BD00CA13ED /* AppDelegate.m */ = {isa = PBXFileReference; lastKnownFileType = sourcecode.c.objc; path = AppDelegate.m; sourceTree = "<group>"; };
		EAB97B851A5747BD00CA13ED /* MapViewController.h */ = {isa = PBXFileReference; lastKnownFileType = sourcecode.c.h; path = MapViewController.h; sourceTree = "<group>"; };
		EAB97B861A5747BD00CA13ED /* MapViewController.m */ = {isa = PBXFileReference; lastKnownFileType = sourcecode.c.objc; path = MapViewController.m; sourceTree = "<group>"; };
		EAB97B891A5747BD00CA13ED /* Base */ = {isa = PBXFileReference; lastKnownFileType = file.storyboard; name = Base; path = Base.lproj/Main.storyboard; sourceTree = "<group>"; };
		EAB97B8B1A5747BD00CA13ED /* Images.xcassets */ = {isa = PBXFileReference; lastKnownFileType = folder.assetcatalog; path = Images.xcassets; sourceTree = "<group>"; };
		EAB97B8E1A5747BD00CA13ED /* Base */ = {isa = PBXFileReference; lastKnownFileType = file.xib; name = Base; path = Base.lproj/LaunchScreen.xib; sourceTree = "<group>"; };
		EAB97B941A5747BD00CA13ED /* playingWithMapKitTests.xctest */ = {isa = PBXFileReference; explicitFileType = wrapper.cfbundle; includeInIndex = 0; path = playingWithMapKitTests.xctest; sourceTree = BUILT_PRODUCTS_DIR; };
		EAB97B991A5747BD00CA13ED /* Info.plist */ = {isa = PBXFileReference; lastKnownFileType = text.plist.xml; path = Info.plist; sourceTree = "<group>"; };
		EAB97B9A1A5747BD00CA13ED /* playingWithMapKitTests.m */ = {isa = PBXFileReference; lastKnownFileType = sourcecode.c.objc; path = playingWithMapKitTests.m; sourceTree = "<group>"; };
		EAB97BA41A57493000CA13ED /* ReadMe */ = {isa = PBXFileReference; fileEncoding = 4; lastKnownFileType = text; path = ReadMe; sourceTree = "<group>"; };
		EAB97BA61A574B7F00CA13ED /* MapKit.framework */ = {isa = PBXFileReference; lastKnownFileType = wrapper.framework; name = MapKit.framework; path = System/Library/Frameworks/MapKit.framework; sourceTree = SDKROOT; };
		EAD985751A5AE4A000FE0011 /* ResultsTableViewController.h */ = {isa = PBXFileReference; fileEncoding = 4; lastKnownFileType = sourcecode.c.h; path = ResultsTableViewController.h; sourceTree = "<group>"; };
		EAD985761A5AE4A000FE0011 /* ResultsTableViewController.m */ = {isa = PBXFileReference; fileEncoding = 4; lastKnownFileType = sourcecode.c.objc; path = ResultsTableViewController.m; sourceTree = "<group>"; };
		EAD9857B1A5AE4DE00FE0011 /* RouteViewController.h */ = {isa = PBXFileReference; fileEncoding = 4; lastKnownFileType = sourcecode.c.h; path = RouteViewController.h; sourceTree = "<group>"; };
		EAD9857C1A5AE4DE00FE0011 /* RouteViewController.m */ = {isa = PBXFileReference; fileEncoding = 4; lastKnownFileType = sourcecode.c.objc; path = RouteViewController.m; sourceTree = "<group>"; };
/* End PBXFileReference section */

/* Begin PBXFrameworksBuildPhase section */
		EAB97B781A5747BD00CA13ED /* Frameworks */ = {
			isa = PBXFrameworksBuildPhase;
			buildActionMask = 2147483647;
			files = (
				EAB97BA71A574B7F00CA13ED /* MapKit.framework in Frameworks */,
			);
			runOnlyForDeploymentPostprocessing = 0;
		};
		EAB97B911A5747BD00CA13ED /* Frameworks */ = {
			isa = PBXFrameworksBuildPhase;
			buildActionMask = 2147483647;
			files = (
			);
			runOnlyForDeploymentPostprocessing = 0;
		};
/* End PBXFrameworksBuildPhase section */

/* Begin PBXGroup section */
		EAB97B721A5747BD00CA13ED = {
			isa = PBXGroup;
			children = (
				EAB97BA61A574B7F00CA13ED /* MapKit.framework */,
				EAB97B7D1A5747BD00CA13ED /* playingWithMapKit */,
				EAB97B971A5747BD00CA13ED /* playingWithMapKitTests */,
				EAB97B7C1A5747BD00CA13ED /* Products */,
			);
			sourceTree = "<group>";
		};
		EAB97B7C1A5747BD00CA13ED /* Products */ = {
			isa = PBXGroup;
			children = (
				EAB97B7B1A5747BD00CA13ED /* playingWithMapKit.app */,
				EAB97B941A5747BD00CA13ED /* playingWithMapKitTests.xctest */,
			);
			name = Products;
			sourceTree = "<group>";
		};
		EAB97B7D1A5747BD00CA13ED /* playingWithMapKit */ = {
			isa = PBXGroup;
			children = (
				EAB97B821A5747BD00CA13ED /* AppDelegate.h */,
				EAB97B831A5747BD00CA13ED /* AppDelegate.m */,
				EAB97BA41A57493000CA13ED /* ReadMe */,
				EAB97B851A5747BD00CA13ED /* MapViewController.h */,
				EAB97B861A5747BD00CA13ED /* MapViewController.m */,
				EA77F6C91A5F4DA900D28035 /* MultilineAnnotationView.h */,
				EA77F6CA1A5F4DA900D28035 /* MultilineAnnotationView.m */,
				EAD985751A5AE4A000FE0011 /* ResultsTableViewController.h */,
				EAD985761A5AE4A000FE0011 /* ResultsTableViewController.m */,
				EAD9857B1A5AE4DE00FE0011 /* RouteViewController.h */,
				EAD9857C1A5AE4DE00FE0011 /* RouteViewController.m */,
				EAB97B881A5747BD00CA13ED /* Main.storyboard */,
				EAB97B8B1A5747BD00CA13ED /* Images.xcassets */,
				EAB97B8D1A5747BD00CA13ED /* LaunchScreen.xib */,
				EAB97B7E1A5747BD00CA13ED /* Supporting Files */,
			);
			path = playingWithMapKit;
			sourceTree = "<group>";
		};
		EAB97B7E1A5747BD00CA13ED /* Supporting Files */ = {
			isa = PBXGroup;
			children = (
				EAB97B7F1A5747BD00CA13ED /* Info.plist */,
				EAB97B801A5747BD00CA13ED /* main.m */,
			);
			name = "Supporting Files";
			sourceTree = "<group>";
		};
		EAB97B971A5747BD00CA13ED /* playingWithMapKitTests */ = {
			isa = PBXGroup;
			children = (
				EAB97B9A1A5747BD00CA13ED /* playingWithMapKitTests.m */,
				EAB97B981A5747BD00CA13ED /* Supporting Files */,
			);
			path = playingWithMapKitTests;
			sourceTree = "<group>";
		};
		EAB97B981A5747BD00CA13ED /* Supporting Files */ = {
			isa = PBXGroup;
			children = (
				EAB97B991A5747BD00CA13ED /* Info.plist */,
			);
			name = "Supporting Files";
			sourceTree = "<group>";
		};
/* End PBXGroup section */

/* Begin PBXNativeTarget section */
		EAB97B7A1A5747BD00CA13ED /* playingWithMapKit */ = {
			isa = PBXNativeTarget;
			buildConfigurationList = EAB97B9E1A5747BD00CA13ED /* Build configuration list for PBXNativeTarget "playingWithMapKit" */;
			buildPhases = (
				EAB97B771A5747BD00CA13ED /* Sources */,
				EAB97B781A5747BD00CA13ED /* Frameworks */,
				EAB97B791A5747BD00CA13ED /* Resources */,
			);
			buildRules = (
			);
			dependencies = (
			);
			name = playingWithMapKit;
			productName = playingWithMapKit;
			productReference = EAB97B7B1A5747BD00CA13ED /* playingWithMapKit.app */;
			productType = "com.apple.product-type.application";
		};
		EAB97B931A5747BD00CA13ED /* playingWithMapKitTests */ = {
			isa = PBXNativeTarget;
			buildConfigurationList = EAB97BA11A5747BD00CA13ED /* Build configuration list for PBXNativeTarget "playingWithMapKitTests" */;
			buildPhases = (
				EAB97B901A5747BD00CA13ED /* Sources */,
				EAB97B911A5747BD00CA13ED /* Frameworks */,
				EAB97B921A5747BD00CA13ED /* Resources */,
			);
			buildRules = (
			);
			dependencies = (
				EAB97B961A5747BD00CA13ED /* PBXTargetDependency */,
			);
			name = playingWithMapKitTests;
			productName = playingWithMapKitTests;
			productReference = EAB97B941A5747BD00CA13ED /* playingWithMapKitTests.xctest */;
			productType = "com.apple.product-type.bundle.unit-test";
		};
/* End PBXNativeTarget section */

/* Begin PBXProject section */
		EAB97B731A5747BD00CA13ED /* Project object */ = {
			isa = PBXProject;
			attributes = {
				LastUpgradeCheck = 0610;
				ORGANIZATIONNAME = xidazheng;
				TargetAttributes = {
					EAB97B7A1A5747BD00CA13ED = {
						CreatedOnToolsVersion = 6.1.1;
					};
					EAB97B931A5747BD00CA13ED = {
						CreatedOnToolsVersion = 6.1.1;
						TestTargetID = EAB97B7A1A5747BD00CA13ED;
					};
				};
			};
			buildConfigurationList = EAB97B761A5747BD00CA13ED /* Build configuration list for PBXProject "playingWithMapKit" */;
			compatibilityVersion = "Xcode 3.2";
			developmentRegion = English;
			hasScannedForEncodings = 0;
			knownRegions = (
				en,
				Base,
			);
			mainGroup = EAB97B721A5747BD00CA13ED;
			productRefGroup = EAB97B7C1A5747BD00CA13ED /* Products */;
			projectDirPath = "";
			projectRoot = "";
			targets = (
				EAB97B7A1A5747BD00CA13ED /* playingWithMapKit */,
				EAB97B931A5747BD00CA13ED /* playingWithMapKitTests */,
			);
		};
/* End PBXProject section */

/* Begin PBXResourcesBuildPhase section */
		EAB97B791A5747BD00CA13ED /* Resources */ = {
			isa = PBXResourcesBuildPhase;
			buildActionMask = 2147483647;
			files = (
				EAB97BA51A57493000CA13ED /* ReadMe in Resources */,
				EAB97B8A1A5747BD00CA13ED /* Main.storyboard in Resources */,
				EAB97B8F1A5747BD00CA13ED /* LaunchScreen.xib in Resources */,
				EAB97B8C1A5747BD00CA13ED /* Images.xcassets in Resources */,
			);
			runOnlyForDeploymentPostprocessing = 0;
		};
		EAB97B921A5747BD00CA13ED /* Resources */ = {
			isa = PBXResourcesBuildPhase;
			buildActionMask = 2147483647;
			files = (
			);
			runOnlyForDeploymentPostprocessing = 0;
		};
/* End PBXResourcesBuildPhase section */

/* Begin PBXSourcesBuildPhase section */
		EAB97B771A5747BD00CA13ED /* Sources */ = {
			isa = PBXSourcesBuildPhase;
			buildActionMask = 2147483647;
			files = (
				EAD985771A5AE4A000FE0011 /* ResultsTableViewController.m in Sources */,
				EAB97B871A5747BD00CA13ED /* MapViewController.m in Sources */,
				EAD9857D1A5AE4DE00FE0011 /* RouteViewController.m in Sources */,
				EAB97B841A5747BD00CA13ED /* AppDelegate.m in Sources */,
				EAB97B811A5747BD00CA13ED /* main.m in Sources */,
				EA77F6CB1A5F4DA900D28035 /* MultilineAnnotationView.m in Sources */,
			);
			runOnlyForDeploymentPostprocessing = 0;
		};
		EAB97B901A5747BD00CA13ED /* Sources */ = {
			isa = PBXSourcesBuildPhase;
			buildActionMask = 2147483647;
			files = (
				EAB97B9B1A5747BD00CA13ED /* playingWithMapKitTests.m in Sources */,
			);
			runOnlyForDeploymentPostprocessing = 0;
		};
/* End PBXSourcesBuildPhase section */

/* Begin PBXTargetDependency section */
		EAB97B961A5747BD00CA13ED /* PBXTargetDependency */ = {
			isa = PBXTargetDependency;
			target = EAB97B7A1A5747BD00CA13ED /* playingWithMapKit */;
			targetProxy = EAB97B951A5747BD00CA13ED /* PBXContainerItemProxy */;
		};
/* End PBXTargetDependency section */

/* Begin PBXVariantGroup section */
		EAB97B881A5747BD00CA13ED /* Main.storyboard */ = {
			isa = PBXVariantGroup;
			children = (
				EAB97B891A5747BD00CA13ED /* Base */,
			);
			name = Main.storyboard;
			sourceTree = "<group>";
		};
		EAB97B8D1A5747BD00CA13ED /* LaunchScreen.xib */ = {
			isa = PBXVariantGroup;
			children = (
				EAB97B8E1A5747BD00CA13ED /* Base */,
			);
			name = LaunchScreen.xib;
			sourceTree = "<group>";
		};
/* End PBXVariantGroup section */

/* Begin XCBuildConfiguration section */
		EAB97B9C1A5747BD00CA13ED /* Debug */ = {
			isa = XCBuildConfiguration;
			buildSettings = {
				ALWAYS_SEARCH_USER_PATHS = NO;
				CLANG_CXX_LANGUAGE_STANDARD = "gnu++0x";
				CLANG_CXX_LIBRARY = "libc++";
				CLANG_ENABLE_MODULES = YES;
				CLANG_ENABLE_OBJC_ARC = YES;
				CLANG_WARN_BOOL_CONVERSION = YES;
				CLANG_WARN_CONSTANT_CONVERSION = YES;
				CLANG_WARN_DIRECT_OBJC_ISA_USAGE = YES_ERROR;
				CLANG_WARN_EMPTY_BODY = YES;
				CLANG_WARN_ENUM_CONVERSION = YES;
				CLANG_WARN_INT_CONVERSION = YES;
				CLANG_WARN_OBJC_ROOT_CLASS = YES_ERROR;
				CLANG_WARN_UNREACHABLE_CODE = YES;
				CLANG_WARN__DUPLICATE_METHOD_MATCH = YES;
				"CODE_SIGN_IDENTITY[sdk=iphoneos*]" = "iPhone Developer";
				COPY_PHASE_STRIP = NO;
				ENABLE_STRICT_OBJC_MSGSEND = YES;
				GCC_C_LANGUAGE_STANDARD = gnu99;
				GCC_DYNAMIC_NO_PIC = NO;
				GCC_OPTIMIZATION_LEVEL = 0;
				GCC_PREPROCESSOR_DEFINITIONS = (
					"DEBUG=1",
					"$(inherited)",
				);
				GCC_SYMBOLS_PRIVATE_EXTERN = NO;
				GCC_WARN_64_TO_32_BIT_CONVERSION = YES;
				GCC_WARN_ABOUT_RETURN_TYPE = YES_ERROR;
				GCC_WARN_UNDECLARED_SELECTOR = YES;
				GCC_WARN_UNINITIALIZED_AUTOS = YES_AGGRESSIVE;
				GCC_WARN_UNUSED_FUNCTION = YES;
				GCC_WARN_UNUSED_VARIABLE = YES;
				IPHONEOS_DEPLOYMENT_TARGET = 8.1;
				MTL_ENABLE_DEBUG_INFO = YES;
				ONLY_ACTIVE_ARCH = YES;
				SDKROOT = iphoneos;
			};
			name = Debug;
		};
		EAB97B9D1A5747BD00CA13ED /* Release */ = {
			isa = XCBuildConfiguration;
			buildSettings = {
				ALWAYS_SEARCH_USER_PATHS = NO;
				CLANG_CXX_LANGUAGE_STANDARD = "gnu++0x";
				CLANG_CXX_LIBRARY = "libc++";
				CLANG_ENABLE_MODULES = YES;
				CLANG_ENABLE_OBJC_ARC = YES;
				CLANG_WARN_BOOL_CONVERSION = YES;
				CLANG_WARN_CONSTANT_CONVERSION = YES;
				CLANG_WARN_DIRECT_OBJC_ISA_USAGE = YES_ERROR;
				CLANG_WARN_EMPTY_BODY = YES;
				CLANG_WARN_ENUM_CONVERSION = YES;
				CLANG_WARN_INT_CONVERSION = YES;
				CLANG_WARN_OBJC_ROOT_CLASS = YES_ERROR;
				CLANG_WARN_UNREACHABLE_CODE = YES;
				CLANG_WARN__DUPLICATE_METHOD_MATCH = YES;
				"CODE_SIGN_IDENTITY[sdk=iphoneos*]" = "iPhone Developer";
				COPY_PHASE_STRIP = YES;
				ENABLE_NS_ASSERTIONS = NO;
				ENABLE_STRICT_OBJC_MSGSEND = YES;
				GCC_C_LANGUAGE_STANDARD = gnu99;
				GCC_WARN_64_TO_32_BIT_CONVERSION = YES;
				GCC_WARN_ABOUT_RETURN_TYPE = YES_ERROR;
				GCC_WARN_UNDECLARED_SELECTOR = YES;
				GCC_WARN_UNINITIALIZED_AUTOS = YES_AGGRESSIVE;
				GCC_WARN_UNUSED_FUNCTION = YES;
				GCC_WARN_UNUSED_VARIABLE = YES;
				IPHONEOS_DEPLOYMENT_TARGET = 8.1;
				MTL_ENABLE_DEBUG_INFO = NO;
				SDKROOT = iphoneos;
				VALIDATE_PRODUCT = YES;
			};
			name = Release;
		};
		EAB97B9F1A5747BD00CA13ED /* Debug */ = {
			isa = XCBuildConfiguration;
			buildSettings = {
				ASSETCATALOG_COMPILER_APPICON_NAME = AppIcon;
				INFOPLIST_FILE = playingWithMapKit/Info.plist;
				LD_RUNPATH_SEARCH_PATHS = "$(inherited) @executable_path/Frameworks";
				PRODUCT_NAME = "$(TARGET_NAME)";
			};
			name = Debug;
		};
		EAB97BA01A5747BD00CA13ED /* Release */ = {
			isa = XCBuildConfiguration;
			buildSettings = {
				ASSETCATALOG_COMPILER_APPICON_NAME = AppIcon;
				INFOPLIST_FILE = playingWithMapKit/Info.plist;
				LD_RUNPATH_SEARCH_PATHS = "$(inherited) @executable_path/Frameworks";
				PRODUCT_NAME = "$(TARGET_NAME)";
			};
			name = Release;
		};
		EAB97BA21A5747BD00CA13ED /* Debug */ = {
			isa = XCBuildConfiguration;
			buildSettings = {
				BUNDLE_LOADER = "$(TEST_HOST)";
				FRAMEWORK_SEARCH_PATHS = (
					"$(SDKROOT)/Developer/Library/Frameworks",
					"$(inherited)",
				);
				GCC_PREPROCESSOR_DEFINITIONS = (
					"DEBUG=1",
					"$(inherited)",
				);
				INFOPLIST_FILE = playingWithMapKitTests/Info.plist;
				LD_RUNPATH_SEARCH_PATHS = "$(inherited) @executable_path/Frameworks @loader_path/Frameworks";
				PRODUCT_NAME = "$(TARGET_NAME)";
				TEST_HOST = "$(BUILT_PRODUCTS_DIR)/playingWithMapKit.app/playingWithMapKit";
			};
			name = Debug;
		};
		EAB97BA31A5747BD00CA13ED /* Release */ = {
			isa = XCBuildConfiguration;
			buildSettings = {
				BUNDLE_LOADER = "$(TEST_HOST)";
				FRAMEWORK_SEARCH_PATHS = (
					"$(SDKROOT)/Developer/Library/Frameworks",
					"$(inherited)",
				);
				INFOPLIST_FILE = playingWithMapKitTests/Info.plist;
				LD_RUNPATH_SEARCH_PATHS = "$(inherited) @executable_path/Frameworks @loader_path/Frameworks";
				PRODUCT_NAME = "$(TARGET_NAME)";
				TEST_HOST = "$(BUILT_PRODUCTS_DIR)/playingWithMapKit.app/playingWithMapKit";
			};
			name = Release;
		};
/* End XCBuildConfiguration section */

/* Begin XCConfigurationList section */
		EAB97B761A5747BD00CA13ED /* Build configuration list for PBXProject "playingWithMapKit" */ = {
			isa = XCConfigurationList;
			buildConfigurations = (
				EAB97B9C1A5747BD00CA13ED /* Debug */,
				EAB97B9D1A5747BD00CA13ED /* Release */,
			);
			defaultConfigurationIsVisible = 0;
			defaultConfigurationName = Release;
		};
		EAB97B9E1A5747BD00CA13ED /* Build configuration list for PBXNativeTarget "playingWithMapKit" */ = {
			isa = XCConfigurationList;
			buildConfigurations = (
				EAB97B9F1A5747BD00CA13ED /* Debug */,
				EAB97BA01A5747BD00CA13ED /* Release */,
			);
			defaultConfigurationIsVisible = 0;
			defaultConfigurationName = Release;
		};
		EAB97BA11A5747BD00CA13ED /* Build configuration list for PBXNativeTarget "playingWithMapKitTests" */ = {
			isa = XCConfigurationList;
			buildConfigurations = (
				EAB97BA21A5747BD00CA13ED /* Debug */,
				EAB97BA31A5747BD00CA13ED /* Release */,
			);
			defaultConfigurationIsVisible = 0;
			defaultConfigurationName = Release;
		};
/* End XCConfigurationList section */
	};
	rootObject = EAB97B731A5747BD00CA13ED /* Project object */;
}
